
Microsoft Visual Studio Solution File, Format Version 12.00
# Visual Studio Version 17
VisualStudioVersion = 17.1.32228.430
MinimumVisualStudioVersion = 10.0.40219.1
Project("{8BC9CEB8-8B4A-11D0-8D11-00A0C91BC942}") = "ConsoleApplication2", "ConsoleApplication2\ConsoleApplication2.vcxproj", "{3F0A15AA-40CB-46D6-AEC3-2415B3064929}"
EndProject
Global
	GlobalSection(SolutionConfigurationPlatforms) = preSolution
		Debug|x64 = Debug|x64
		Debug|x86 = Debug|x86
		Release|x64 = Release|x64
		Release|x86 = Release|x86
	EndGlobalSection
	GlobalSection(ProjectConfigurationPlatforms) = postSolution
		{3F0A15AA-40CB-46D6-AEC3-2415B3064929}.Debug|x64.ActiveCfg = Debug|x64
		{3F0A15AA-40CB-46D6-AEC3-2415B3064929}.Debug|x64.Build.0 = Debug|x64
		{3F0A15AA-40CB-46D6-AEC3-2415B3064929}.Debug|x86.ActiveCfg = Debug|Win32
		{3F0A15AA-40CB-46D6-AEC3-2415B3064929}.Debug|x86.Build.0 = Debug|Win32
		{3F0A15AA-40CB-46D6-AEC3-2415B3064929}.Release|x64.ActiveCfg = Release|x64
		{3F0A15AA-40CB-46D6-AEC3-2415B3064929}.Release|x64.Build.0 = Release|x64
		{3F0A15AA-40CB-46D6-AEC3-2415B3064929}.Release|x86.ActiveCfg = Release|Win32
		{3F0A15AA-40CB-46D6-AEC3-2415B3064929}.Release|x86.Build.0 = Release|Win32
	EndGlobalSection
	GlobalSection(SolutionProperties) = preSolution
		HideSolutionNode = FALSE
	EndGlobalSection
	GlobalSection(ExtensibilityGlobals) = postSolution
		SolutionGuid = {F435912F-1879-431E-BB8C-CEC45228CC55}
	EndGlobalSection
EndGlobal
